
Microsoft Visual Studio Solution File, Format Version 12.00
# Visual Studio Version 16
VisualStudioVersion = 16.0.30204.135
MinimumVisualStudioVersion = 10.0.40219.1
Project("{8BC9CEB8-8B4A-11D0-8D11-00A0C91BC942}") = "OOPLab 5.1A", "OOPLab 5.1A\OOPLab 5.1A.vcxproj", "{E03D8C85-EB53-42D7-A212-D665B142436B}"
EndProject
Project("{8BC9CEB8-8B4A-11D0-8D11-00A0C91BC942}") = "UnitTest1", "UnitTest1\UnitTest1.vcxproj", "{9AEED8DF-C6BA-42AE-9F7A-C49B69B48B20}"
EndProject
Global
	GlobalSection(SolutionConfigurationPlatforms) = preSolution
		Debug|x64 = Debug|x64
		Debug|x86 = Debug|x86
		Release|x64 = Release|x64
		Release|x86 = Release|x86
	EndGlobalSection
	GlobalSection(ProjectConfigurationPlatforms) = postSolution
		{E03D8C85-EB53-42D7-A212-D665B142436B}.Debug|x64.ActiveCfg = Debug|x64
		{E03D8C85-EB53-42D7-A212-D665B142436B}.Debug|x64.Build.0 = Debug|x64
		{E03D8C85-EB53-42D7-A212-D665B142436B}.Debug|x86.ActiveCfg = Debug|Win32
		{E03D8C85-EB53-42D7-A212-D665B142436B}.Debug|x86.Build.0 = Debug|Win32
		{E03D8C85-EB53-42D7-A212-D665B142436B}.Release|x64.ActiveCfg = Release|x64
		{E03D8C85-EB53-42D7-A212-D665B142436B}.Release|x64.Build.0 = Release|x64
		{E03D8C85-EB53-42D7-A212-D665B142436B}.Release|x86.ActiveCfg = Release|Win32
		{E03D8C85-EB53-42D7-A212-D665B142436B}.Release|x86.Build.0 = Release|Win32
		{9AEED8DF-C6BA-42AE-9F7A-C49B69B48B20}.Debug|x64.ActiveCfg = Debug|x64
		{9AEED8DF-C6BA-42AE-9F7A-C49B69B48B20}.Debug|x64.Build.0 = Debug|x64
		{9AEED8DF-C6BA-42AE-9F7A-C49B69B48B20}.Debug|x86.ActiveCfg = Debug|Win32
		{9AEED8DF-C6BA-42AE-9F7A-C49B69B48B20}.Debug|x86.Build.0 = Debug|Win32
		{9AEED8DF-C6BA-42AE-9F7A-C49B69B48B20}.Release|x64.ActiveCfg = Release|x64
		{9AEED8DF-C6BA-42AE-9F7A-C49B69B48B20}.Release|x64.Build.0 = Release|x64
		{9AEED8DF-C6BA-42AE-9F7A-C49B69B48B20}.Release|x86.ActiveCfg = Release|Win32
		{9AEED8DF-C6BA-42AE-9F7A-C49B69B48B20}.Release|x86.Build.0 = Release|Win32
	EndGlobalSection
	GlobalSection(SolutionProperties) = preSolution
		HideSolutionNode = FALSE
	EndGlobalSection
	GlobalSection(ExtensibilityGlobals) = postSolution
		SolutionGuid = {3BACA27B-A687-44BA-A64D-FB09192DC753}
	EndGlobalSection
EndGlobal
